lockfileVersion: 5.4

specifiers:
  '@worker-tools/html': ^2.0.0-pre.13
  '@worker-tools/json-fetch': ^2.1.0-pre.6
  '@worker-tools/kv-storage': ^0.1.0-pre.9
  '@worker-tools/location-polyfill': ^0.5.0-pre.0
  '@worker-tools/middleware': ^0.1.0-pre.33
  '@worker-tools/response-creators': ^1.2.0-pre.6
  '@worker-tools/router': ^0.3.0-pre.5
  '@worker-tools/structured-json': ^0.1.0-pre.4
  fido2-lib: github:qwtel/fido2-lib
  typed-array-utils: ^0.2.4
  web-uuid: ^0.1.0-pre.1

dependencies:
  '@worker-tools/html': 2.0.0-pre.13
  '@worker-tools/json-fetch': 2.1.0-pre.6
  '@worker-tools/kv-storage': 0.1.0-pre.9
  '@worker-tools/location-polyfill': 0.5.0-pre.0
  '@worker-tools/middleware': 0.1.0-pre.33
  '@worker-tools/response-creators': 1.2.0-pre.6
  '@worker-tools/router': 0.3.0-pre.5
  '@worker-tools/structured-json': 0.1.0-pre.4
  fido2-lib: github.com/qwtel/fido2-lib/129e72c1731d27b21b8a408fe0817fcca8cc97f9
  typed-array-utils: 0.2.4
  web-uuid: 0.1.0-pre.1

packages:

  /@hexagon/base64/1.0.19:
    resolution: {integrity: sha512-+ZJdUaD9sthgMbdEiYZ5jwiTG/ZtILx0/LSDkdxi/pK/BSmJzIAT+IYuMYSKwjPdGk6odwbJVQ9H8HpepDZy9Q==}
    dev: false

  /@msgpackr-extract/msgpackr-extract-darwin-arm64/2.0.2:
    resolution: {integrity: sha512-FMX5i7a+ojIguHpWbzh5MCsCouJkwf4z4ejdUY/fsgB9Vkdak4ZnoIEskOyOUMMB4lctiZFGszFQJXUeFL8tRg==}
    cpu: [arm64]
    os: [darwin]
    requiresBuild: true
    dev: false
    optional: true

  /@msgpackr-extract/msgpackr-extract-darwin-x64/2.0.2:
    resolution: {integrity: sha512-DznYtF3lHuZDSRaIOYeif4JgO0NtO2Xf8DsngAugMx/bUdTFbg86jDTmkVJBNmV+cxszz6OjGvinnS8AbJ342g==}
    cpu: [x64]
    os: [darwin]
    requiresBuild: true
    dev: false
    optional: true

  /@msgpackr-extract/msgpackr-extract-linux-arm/2.0.2:
    resolution: {integrity: sha512-Gy9+c3Wj+rUlD3YvCZTi92gs+cRX7ZQogtwq0IhRenloTTlsbpezNgk6OCkt59V4ATEWSic9rbU92H/l7XsRvA==}
    cpu: [arm]
    os: [linux]
    requiresBuild: true
    dev: false
    optional: true

  /@msgpackr-extract/msgpackr-extract-linux-arm64/2.0.2:
    resolution: {integrity: sha512-b0jMEo566YdM2K+BurSed7bswjo3a6bcdw5ETqoIfSuxKuRLPfAiOjVbZyZBgx3J/TAM/QrvEQ/VN89A0ZAxSg==}
    cpu: [arm64]
    os: [linux]
    requiresBuild: true
    dev: false
    optional: true

  /@msgpackr-extract/msgpackr-extract-linux-x64/2.0.2:
    resolution: {integrity: sha512-zrBHaePwcv4cQXxzYgNj0+A8I1uVN97E7/3LmkRocYZ+rMwUsnPpp4RuTAHSRoKlTQV3nSdCQW4Qdt4MXw/iHw==}
    cpu: [x64]
    os: [linux]
    requiresBuild: true
    dev: false
    optional: true

  /@msgpackr-extract/msgpackr-extract-win32-x64/2.0.2:
    resolution: {integrity: sha512-fpnI00dt+yO1cKx9qBXelKhPBdEgvc8ZPav1+0r09j0woYQU2N79w/jcGawSY5UGlgQ3vjaJsFHnGbGvvqdLzg==}
    cpu: [x64]
    os: [win32]
    requiresBuild: true
    dev: false
    optional: true

  /@peculiar/asn1-schema/2.1.8:
    resolution: {integrity: sha512-u34H/bpqCdDuqrCVZvH0vpwFBT/dNEdNY+eE8u4IuC26yYnhDkXF4+Hliqca88Avbb7hyN2EF/eokyDdyS7G/A==}
    dependencies:
      asn1js: 3.0.5
      pvtsutils: 1.3.2
      tslib: 2.4.0
    dev: false

  /@peculiar/json-schema/1.1.12:
    resolution: {integrity: sha512-coUfuoMeIB7B8/NMekxaDzLhaYmp0HZNPEjYRm9goRou8UZIC3z21s0sL9AWoCw4EG876QyO3kYrc61WNF9B/w==}
    engines: {node: '>=8.0.0'}
    dependencies:
      tslib: 2.4.0
    dev: false

  /@peculiar/webcrypto/1.4.0:
    resolution: {integrity: sha512-U58N44b2m3OuTgpmKgf0LPDOmP3bhwNz01vAnj1mBwxBASRhptWYK+M3zG+HBkDqGQM+bFsoIihTW8MdmPXEqg==}
    engines: {node: '>=10.12.0'}
    dependencies:
      '@peculiar/asn1-schema': 2.1.8
      '@peculiar/json-schema': 1.1.12
      pvtsutils: 1.3.2
      tslib: 2.4.0
      webcrypto-core: 1.7.5
    dev: false

  /@worker-tools/cloudflare-kv-storage/0.9.0-pre.6:
    resolution: {integrity: sha512-LMKbvkvYQI8i5pxPHxiUBLe3cTStjHc23v29XYWnpAx2hOev/vZJUyxr5wKPTBmGIeXKvYMK31XV4v8Q4gOEOA==}
    dependencies:
      '@worker-tools/structured-json': 0.1.0-pre.4
      idb-key-to-string: 0.2.0
      kv-storage-interface: 0.2.0
      msgpackr: 1.6.1
    dev: false

  /@worker-tools/deno-kv-storage/0.6.0-pre.1:
    resolution: {integrity: sha512-o4vdzP7tIs3u7i4Fnv2UeM7ThJH63JBt6kxqlLP+Uf1xG4+q5mcavGB4u/OJbKgG5jE1GMflX71aGTAZ7hCSGA==}
    dependencies:
      '@worker-tools/structured-json': 0.1.0-pre.4
      idb-key-to-string: 0.2.0
      kv-storage-interface: 0.2.0
    dev: false

  /@worker-tools/encrypted-cookie-store/0.3.0-pre.7:
    resolution: {integrity: sha512-jNmBfw0d4JwcoV0lCe8a7qjv+CMqoQGsWIY77DAXz0jxB+c1kEvXRSCOfvkSic8anv+8+anLh/JEG4P24wQrww==}
    dependencies:
      base64-encoding: 0.15.0-alpha.0
      cookie-store-interface: 0.1.1
      typed-array-utils: 0.2.4
    dev: false

  /@worker-tools/extendable-promise/0.2.0-pre.11:
    resolution: {integrity: sha512-YEa8fpuNSgEbt7wFRf08ajfhsjvTdXNbN1//XG1vVyUxm+UHZsQaFT7dksH4p9rzF/RDrFixas369FpL1Yz2mw==}
    dependencies:
      '@worker-tools/resolvable-promise': 0.2.0-pre.6
    dev: false

  /@worker-tools/html/2.0.0-pre.13:
    resolution: {integrity: sha512-MkmUNNX6fE/2tRM8iWpoSZ6hbZ4srMxzecPdyNvT4cydfYs6YEmFFv0w27839ALQxwtpsDCOKlDLEkhhzbMs9Q==}
    dependencies:
      '@worker-tools/stream-response': 0.1.0-pre.4
    dev: false

  /@worker-tools/json-fetch/2.1.0-pre.6:
    resolution: {integrity: sha512-x4aqUMc3gZ9ISx2RUIQSFkflgsEfL6lBbeZpb9Wtzg8EjzifaBAGQPpT5sgEsgy5ZtitA7OQqQpVwnd9eau3bQ==}
    dev: false

  /@worker-tools/kv-storage-polyfill/2.0.0-pre.1:
    resolution: {integrity: sha512-hpTk17u1UtgA34VE0oWU7OArVlu/vvEX7a3J6+DAfvUpKQ9rzW+AQf2UrRE/khZMIJHXNGMFWu1/Ya7O/Ana1A==}
    dependencies:
      kv-storage-interface: 0.2.0
      kv-storage-polyfill: 2.0.0
    dev: false

  /@worker-tools/kv-storage/0.1.0-pre.9:
    resolution: {integrity: sha512-wEo9hs92J1FKHwd0JIihJ14TLPy6BzOqqUFFQ1k+O8hXkn5fGDyg9NJ9egk+8s1O2unUStwhFApSq8/qIltSRQ==}
    dependencies:
      '@worker-tools/cloudflare-kv-storage': 0.9.0-pre.6
      '@worker-tools/deno-kv-storage': 0.6.0-pre.1
      '@worker-tools/kv-storage-polyfill': 2.0.0-pre.1
      kv-storage-interface: 0.2.0
    dev: false

  /@worker-tools/location-polyfill/0.5.0-pre.0:
    resolution: {integrity: sha512-aDxD9NDy30pEbyCJc0BNfjSntf7ds/G5q+e6RTEbfnxzqaA12O4PPSJlg65EffTtrgmusfQ3QNtZsxYXaxKLew==}
    dev: false

  /@worker-tools/middleware/0.1.0-pre.33:
    resolution: {integrity: sha512-nu8CtAAcndIjhoSyxmHdY5uemA8EnUez5IY5FxnNQn04B6FEFL+FsS/IUDw4GAoUFavRjpOzFj2UckgX0T1MHQ==}
    dependencies:
      '@worker-tools/encrypted-cookie-store': 0.3.0-pre.7
      '@worker-tools/extendable-promise': 0.2.0-pre.11
      '@worker-tools/request-cookie-store': 0.5.0-pre.11
      '@worker-tools/resolvable-promise': 0.2.0-pre.6
      '@worker-tools/response-creators': 1.2.0-pre.6
      '@worker-tools/signed-cookie-store': 0.3.0-pre.8
      base64-encoding: 0.15.0-alpha.0
      immer: 9.0.14
      kv-storage-interface: 0.2.0
      msgpackr: 1.6.1
      negotiated: 1.0.2
      ts-functional-pipe: 3.1.2
      web-uuid: 0.1.0-pre.1
    dev: false

  /@worker-tools/request-cookie-store/0.5.0-pre.11:
    resolution: {integrity: sha512-ywpXcRDTZuxFbCVILwumYmnmgoFV5AQC8u3oO2BZE8oMeaDw+55lcNHxngn44ijTLs3AWth46OuP686cCl9xZQ==}
    dependencies:
      cookie-store-interface: 0.1.1
    dev: false

  /@worker-tools/resolvable-promise/0.2.0-pre.6:
    resolution: {integrity: sha512-+5RcuruCLB/P3FYYb376RgyImXaq9BBQoOskUbgPyNK3O0AXPakrXUj1EELv+lcnUSdFws/ufdrrWODLJyoTmg==}
    dev: false

  /@worker-tools/response-creators/1.2.0-pre.6:
    resolution: {integrity: sha512-tY9CvyegTXzI0dCmvw25CwmctFa8ojhjmTLZmvPNPF2ETT3U4o4TvgFZd3eHcr9PKB4fF55TYZeHfgIsjCQ6Qw==}
    dev: false

  /@worker-tools/router/0.3.0-pre.5:
    resolution: {integrity: sha512-HorlRDu2TPMgYtvAOcwHwMix+aPdUR42ZBVKJCFyBGQqf30dIfH5GD9zFvtoq+pSRjFRmFNBuSeqQAzXMQSy+g==}
    dependencies:
      '@worker-tools/middleware': 0.1.0-pre.33
      '@worker-tools/resolvable-promise': 0.2.0-pre.6
      '@worker-tools/response-creators': 1.2.0-pre.6
    dev: false

  /@worker-tools/signed-cookie-store/0.3.0-pre.8:
    resolution: {integrity: sha512-WujFKvy1qaeS31BBGX6fl97CVvX560uev7V2jmHz1BbaDv38yej5xNFvHpzrURfTdoQnXT1+fCYo5xNdkEhPJg==}
    dependencies:
      base64-encoding: 0.15.0-alpha.0
      cookie-store-interface: 0.1.1
      typed-array-utils: 0.2.4
    dev: false

  /@worker-tools/stream-response/0.1.0-pre.4:
    resolution: {integrity: sha512-PHMaXNbaavvtPWuPTjslNMmbFX0Wv4iKsa9ZiL+KkcTuXwSh5okMShYxt0st0bx4C137kIK/bBQqw/JBEKlP9Q==}
    dependencies:
      typed-array-utils: 0.3.0-pre.0
      whatwg-stream-to-async-iter: 0.6.2
    dev: false

  /@worker-tools/structured-json/0.1.0-pre.4:
    resolution: {integrity: sha512-5Nu0L/1lS9bnui+pqVZn8uRg9HWWQyYfr0zwtO1GVojzom5AFS1l/Zw9UOVILFkNM+HwsOljOv2Q+5VQU/lTTA==}
    dependencies:
      typeson: 7.0.2
      typeson-registry: 3.0.0
    dev: false

  /asn1js/3.0.5:
    resolution: {integrity: sha512-FVnvrKJwpt9LP2lAMl8qZswRNm3T4q9CON+bxldk2iwk3FFpuwhx2FfinyitizWHsVYyaY+y5JzDR0rCMV5yTQ==}
    engines: {node: '>=12.0.0'}
    dependencies:
      pvtsutils: 1.3.2
      pvutils: 1.1.3
      tslib: 2.4.0
    dev: false

  /base64-arraybuffer-es6/1.0.0:
    resolution: {integrity: sha512-cPau+CwFZLR/HeQrOCWhbmGcUiyfl8kvnKoazNX9zW/Tn7nKJCRe9Vfz2qOEf/rODgCTCvvCXMf0acV8vB0uOw==}
    engines: {node: ^12.22.0 || ^14.17.0 || >=16.0.0}
    dev: false

  /base64-encoding/0.14.3:
    resolution: {integrity: sha512-/MvpDArLNYsPwwDAfDadL5OMZjWHlPIdsA8iZWN2A/p+ml6f3CtIODBxH21PdtTirKGfjjjp2CGpfGvdyGQJiQ==}
    dev: false

  /base64-encoding/0.15.0-alpha.0:
    resolution: {integrity: sha512-uqf17NvS+fbYzYj0bVP4SfrzcppvDrGX60fDljhGhSUzKcCwoIRx8vOGGo35D24F+EkzEv4X8WljBu7ZzPZquw==}
    dev: false

  /bytestreamjs/2.0.0:
    resolution: {integrity: sha512-TyOlxeS92FcMOaJwAVq5gwqW0vfkWUv5W+ErwdbBzolcUN/9XYpCKWvCV21jjzXU550D9Wt4GgE8Pr1vVbR+wQ==}
    engines: {node: '>=6.0.0'}
    dev: false

  /cbor-extract/1.0.0:
    resolution: {integrity: sha512-2y71EsPT4dJjtS24JIZfzUodm7kNrJJouIL7U4YiO1bl5QJyCHz9j810x/d+A/L+1BWQCE0771TiBrVmDL0MOA==}
    requiresBuild: true
    dependencies:
      nan: 2.16.0
      node-gyp-build: 4.4.0
    dev: false
    optional: true

  /cbor-x/1.2.1:
    resolution: {integrity: sha512-vUgwxN/hCyMUuFsYaMTYhfpK0rwBpGho8CqCLEXSn3tGfaPL3fruB0lrZVGiq1v5EzTrqcrLVxJ2Ul9zqukhMw==}
    dependencies:
      esbuild: 0.13.15
    optionalDependencies:
      cbor-extract: 1.0.0
    dev: false

  /cookie-store-interface/0.1.1:
    resolution: {integrity: sha512-fwEY2FxGL4c2YVNHuTSaxNph9whnvVs5gRMhQ2Lr33CzQJkFlRyElSo4PDvGSVnv4Ps++i17+uNI/GYAM6ciBg==}
    dev: false

  /esbuild-android-arm64/0.13.15:
    resolution: {integrity: sha512-m602nft/XXeO8YQPUDVoHfjyRVPdPgjyyXOxZ44MK/agewFFkPa8tUo6lAzSWh5Ui5PB4KR9UIFTSBKh/RrCmg==}
    cpu: [arm64]
    os: [android]
    requiresBuild: true
    dev: false
    optional: true

  /esbuild-darwin-64/0.13.15:
    resolution: {integrity: sha512-ihOQRGs2yyp7t5bArCwnvn2Atr6X4axqPpEdCFPVp7iUj4cVSdisgvEKdNR7yH3JDjW6aQDw40iQFoTqejqxvQ==}
    cpu: [x64]
    os: [darwin]
    requiresBuild: true
    dev: false
    optional: true

  /esbuild-darwin-arm64/0.13.15:
    resolution: {integrity: sha512-i1FZssTVxUqNlJ6cBTj5YQj4imWy3m49RZRnHhLpefFIh0To05ow9DTrXROTE1urGTQCloFUXTX8QfGJy1P8dQ==}
    cpu: [arm64]
    os: [darwin]
    requiresBuild: true
    dev: false
    optional: true

  /esbuild-freebsd-64/0.13.15:
    resolution: {integrity: sha512-G3dLBXUI6lC6Z09/x+WtXBXbOYQZ0E8TDBqvn7aMaOCzryJs8LyVXKY4CPnHFXZAbSwkCbqiPuSQ1+HhrNk7EA==}
    cpu: [x64]
    os: [freebsd]
    requiresBuild: true
    dev: false
    optional: true

  /esbuild-freebsd-arm64/0.13.15:
    resolution: {integrity: sha512-KJx0fzEDf1uhNOZQStV4ujg30WlnwqUASaGSFPhznLM/bbheu9HhqZ6mJJZM32lkyfGJikw0jg7v3S0oAvtvQQ==}
    cpu: [arm64]
    os: [freebsd]
    requiresBuild: true
    dev: false
    optional: true

  /esbuild-linux-32/0.13.15:
    resolution: {integrity: sha512-ZvTBPk0YWCLMCXiFmD5EUtB30zIPvC5Itxz0mdTu/xZBbbHJftQgLWY49wEPSn2T/TxahYCRDWun5smRa0Tu+g==}
    cpu: [ia32]
    os: [linux]
    requiresBuild: true
    dev: false
    optional: true

  /esbuild-linux-64/0.13.15:
    resolution: {integrity: sha512-eCKzkNSLywNeQTRBxJRQ0jxRCl2YWdMB3+PkWFo2BBQYC5mISLIVIjThNtn6HUNqua1pnvgP5xX0nHbZbPj5oA==}
    cpu: [x64]
    os: [linux]
    requiresBuild: true
    dev: false
    optional: true

  /esbuild-linux-arm/0.13.15:
    resolution: {integrity: sha512-wUHttDi/ol0tD8ZgUMDH8Ef7IbDX+/UsWJOXaAyTdkT7Yy9ZBqPg8bgB/Dn3CZ9SBpNieozrPRHm0BGww7W/jA==}
    cpu: [arm]
    os: [linux]
    requiresBuild: true
    dev: false
    optional: true

  /esbuild-linux-arm64/0.13.15:
    resolution: {integrity: sha512-bYpuUlN6qYU9slzr/ltyLTR9YTBS7qUDymO8SV7kjeNext61OdmqFAzuVZom+OLW1HPHseBfJ/JfdSlx8oTUoA==}
    cpu: [arm64]
    os: [linux]
    requiresBuild: true
    dev: false
    optional: true

  /esbuild-linux-mips64le/0.13.15:
    resolution: {integrity: sha512-KlVjIG828uFPyJkO/8gKwy9RbXhCEUeFsCGOJBepUlpa7G8/SeZgncUEz/tOOUJTcWMTmFMtdd3GElGyAtbSWg==}
    cpu: [mips64el]
    os: [linux]
    requiresBuild: true
    dev: false
    optional: true

  /esbuild-linux-ppc64le/0.13.15:
    resolution: {integrity: sha512-h6gYF+OsaqEuBjeesTBtUPw0bmiDu7eAeuc2OEH9S6mV9/jPhPdhOWzdeshb0BskRZxPhxPOjqZ+/OqLcxQwEQ==}
    cpu: [ppc64]
    os: [linux]
    requiresBuild: true
    dev: false
    optional: true

  /esbuild-netbsd-64/0.13.15:
    resolution: {integrity: sha512-3+yE9emwoevLMyvu+iR3rsa+Xwhie7ZEHMGDQ6dkqP/ndFzRHkobHUKTe+NCApSqG5ce2z4rFu+NX/UHnxlh3w==}
    cpu: [x64]
    os: [netbsd]
    requiresBuild: true
    dev: false
    optional: true

  /esbuild-openbsd-64/0.13.15:
    resolution: {integrity: sha512-wTfvtwYJYAFL1fSs8yHIdf5GEE4NkbtbXtjLWjM3Cw8mmQKqsg8kTiqJ9NJQe5NX/5Qlo7Xd9r1yKMMkHllp5g==}
    cpu: [x64]
    os: [openbsd]
    requiresBuild: true
    dev: false
    optional: true

  /esbuild-sunos-64/0.13.15:
    resolution: {integrity: sha512-lbivT9Bx3t1iWWrSnGyBP9ODriEvWDRiweAs69vI+miJoeKwHWOComSRukttbuzjZ8r1q0mQJ8Z7yUsDJ3hKdw==}
    cpu: [x64]
    os: [sunos]
    requiresBuild: true
    dev: false
    optional: true

  /esbuild-windows-32/0.13.15:
    resolution: {integrity: sha512-fDMEf2g3SsJ599MBr50cY5ve5lP1wyVwTe6aLJsM01KtxyKkB4UT+fc5MXQFn3RLrAIAZOG+tHC+yXObpSn7Nw==}
    cpu: [ia32]
    os: [win32]
    requiresBuild: true
    dev: false
    optional: true

  /esbuild-windows-64/0.13.15:
    resolution: {integrity: sha512-9aMsPRGDWCd3bGjUIKG/ZOJPKsiztlxl/Q3C1XDswO6eNX/Jtwu4M+jb6YDH9hRSUflQWX0XKAfWzgy5Wk54JQ==}
    cpu: [x64]
    os: [win32]
    requiresBuild: true
    dev: false
    optional: true

  /esbuild-windows-arm64/0.13.15:
    resolution: {integrity: sha512-zzvyCVVpbwQQATaf3IG8mu1IwGEiDxKkYUdA4FpoCHi1KtPa13jeScYDjlW0Qh+ebWzpKfR2ZwvqAQkSWNcKjA==}
    cpu: [arm64]
    os: [win32]
    requiresBuild: true
    dev: false
    optional: true

  /esbuild/0.13.15:
    resolution: {integrity: sha512-raCxt02HBKv8RJxE8vkTSCXGIyKHdEdGfUmiYb8wnabnaEmHzyW7DCHb5tEN0xU8ryqg5xw54mcwnYkC4x3AIw==}
    hasBin: true
    requiresBuild: true
    optionalDependencies:
      esbuild-android-arm64: 0.13.15
      esbuild-darwin-64: 0.13.15
      esbuild-darwin-arm64: 0.13.15
      esbuild-freebsd-64: 0.13.15
      esbuild-freebsd-arm64: 0.13.15
      esbuild-linux-32: 0.13.15
      esbuild-linux-64: 0.13.15
      esbuild-linux-arm: 0.13.15
      esbuild-linux-arm64: 0.13.15
      esbuild-linux-mips64le: 0.13.15
      esbuild-linux-ppc64le: 0.13.15
      esbuild-netbsd-64: 0.13.15
      esbuild-openbsd-64: 0.13.15
      esbuild-sunos-64: 0.13.15
      esbuild-windows-32: 0.13.15
      esbuild-windows-64: 0.13.15
      esbuild-windows-arm64: 0.13.15
    dev: false

  /idb-key-to-string/0.2.0:
    resolution: {integrity: sha512-ZrbOyJyLjCPFlullZharfgyGDb6w6lnVJwFE/6BvVHaNLxoM6ELxrxVozdjLP5VmSq9mKjP6qXDkeV/ht1lu1A==}
    dependencies:
      base64-encoding: 0.14.3
      kv-storage-interface: 0.2.0
    dev: false

  /immer/9.0.14:
    resolution: {integrity: sha512-ubBeqQutOSLIFCUBN03jGeOS6a3DoYlSYwYJTa+gSKEZKU5redJIqkIdZ3JVv/4RZpfcXdAWH5zCNLWPRv2WDw==}
    dev: false

  /jose/4.8.1:
    resolution: {integrity: sha512-+/hpTbRcCw9YC0TOfN1W47pej4a9lRmltdOVdRLz5FP5UvUq3CenhXjQK7u/8NdMIIShMXYAh9VLPhc7TjhvFw==}
    dev: false

  /kv-storage-interface/0.2.0:
    resolution: {integrity: sha512-W1QWU/6yj7j7pXRoXkOwv/QEieiaBHcEEeYSPY6D7w7mgwx2NuC0FRS8D6/gSKyfharRXR01aLiEkKRjZMGCOQ==}
    dev: false

  /kv-storage-polyfill/2.0.0:
    resolution: {integrity: sha512-K4tV8kYT2YNP00GN77pJ099cpwaYCOBGYY2NsfLjUtimE49YI9OYX+MGzOGHNOttUNCKC2Y3YZpV7P+HY2tgCQ==}
    dev: false

  /msgpackr-extract/2.0.2:
    resolution: {integrity: sha512-coskCeJG2KDny23zWeu+6tNy7BLnAiOGgiwzlgdm4oeSsTpqEJJPguHIuKZcCdB7tzhZbXNYSg6jZAXkZErkJA==}
    requiresBuild: true
    dependencies:
      node-gyp-build-optional-packages: 5.0.2
    optionalDependencies:
      '@msgpackr-extract/msgpackr-extract-darwin-arm64': 2.0.2
      '@msgpackr-extract/msgpackr-extract-darwin-x64': 2.0.2
      '@msgpackr-extract/msgpackr-extract-linux-arm': 2.0.2
      '@msgpackr-extract/msgpackr-extract-linux-arm64': 2.0.2
      '@msgpackr-extract/msgpackr-extract-linux-x64': 2.0.2
      '@msgpackr-extract/msgpackr-extract-win32-x64': 2.0.2
    dev: false
    optional: true

  /msgpackr/1.6.1:
    resolution: {integrity: sha512-Je+xBEfdjtvA4bKaOv8iRhjC8qX2oJwpYH4f7JrG4uMVJVmnmkAT4pjKdbztKprGj3iwjcxPzb5umVZ02Qq3tA==}
    optionalDependencies:
      msgpackr-extract: 2.0.2
    dev: false

  /nan/2.16.0:
    resolution: {integrity: sha512-UdAqHyFngu7TfQKsCBgAA6pWDkT8MAO7d0jyOecVhN5354xbLqdn8mV9Tat9gepAupm0bt2DbeaSC8vS52MuFA==}
    dev: false
    optional: true

  /negotiated/1.0.2:
    resolution: {integrity: sha512-fRArKF8+FAcNJU9hc2ND3ezUM18yrEYqzyAZX7O0VHutJVOkWQo5N1fDVVFSncWyWoulUBunuZvKg0JUehTiRQ==}
    dev: false

  /node-gyp-build-optional-packages/5.0.2:
    resolution: {integrity: sha512-PiN4NWmlQPqvbEFcH/omQsswWQbe5Z9YK/zdB23irp5j2XibaA2IrGvpSWmVVG4qMZdmPdwPctSy4a86rOMn6g==}
    hasBin: true
    dev: false
    optional: true

  /node-gyp-build/4.4.0:
    resolution: {integrity: sha512-amJnQCcgtRVw9SvoebO3BKGESClrfXGCUTX9hSn1OuGQTQBOZmVd0Z0OlecpuRksKvbsUqALE8jls/ErClAPuQ==}
    hasBin: true
    dev: false
    optional: true

  /pkijs/3.0.5:
    resolution: {integrity: sha512-J6P30yzU7qSbuJIBaclwN93WbyoxjVlkYMgjQmE9wWkPUTHVu2cH6lkjWcIr2WAub5KH38BA1Eyeb4s9apUPTg==}
    engines: {node: '>=12.0.0'}
    dependencies:
      asn1js: 3.0.5
      bytestreamjs: 2.0.0
      pvtsutils: 1.3.2
      pvutils: 1.1.3
      tslib: 2.4.0
    dev: false

  /punycode/2.1.1:
    resolution: {integrity: sha512-XRsRjdf+j5ml+y/6GKHPZbrF/8p2Yga0JPtdqTIY2Xe5ohJPD9saDJJLPvp9+NSBprVvevdXZybnj2cv8OEd0A==}
    engines: {node: '>=6'}
    dev: false

  /pvtsutils/1.3.2:
    resolution: {integrity: sha512-+Ipe2iNUyrZz+8K/2IOo+kKikdtfhRKzNpQbruF2URmqPtoqAs8g3xS7TJvFF2GcPXjh7DkqMnpVveRFq4PgEQ==}
    dependencies:
      tslib: 2.4.0
    dev: false

  /pvutils/1.1.3:
    resolution: {integrity: sha512-pMpnA0qRdFp32b1sJl1wOJNxZLQ2cbQx+k6tjNtZ8CpvVhNqEPRgivZ2WOUev2YMajecdH7ctUPDvEe87nariQ==}
    engines: {node: '>=6.0.0'}
    dev: false

  /tldts-core/5.7.81:
    resolution: {integrity: sha512-9i+XjmFvl/eSubippvvxEqIGexT6ALqb7fO3EPQ6yNOMaoRdaDgrMqBCIXSqVY/SckpFm54fksaLVQE6KtlAGA==}
    dev: false

  /tldts/5.7.81:
    resolution: {integrity: sha512-ulFEOSC+mHmkYwWMeX/ys+n7GFxROldJJVrSxSPASuyigTFvAQAGs1eVy82NFxazoEsCfvuCQrSOzdXLKfvR+A==}
    hasBin: true
    dependencies:
      tldts-core: 5.7.81
    dev: false

  /tr46/3.0.0:
    resolution: {integrity: sha512-l7FvfAHlcmulp8kr+flpQZmVwtu7nfRV7NZujtN0OqES8EL4O4e0qqzL0DC5gAvx/ZC/9lk6rhcUwYvkBnBnYA==}
    engines: {node: '>=12'}
    dependencies:
      punycode: 2.1.1
    dev: false

  /ts-functional-pipe/3.1.2:
    resolution: {integrity: sha512-3Zmj39yTFtzrwrLn5ifQKHmUQQ6uh7+NUVUZ2hsBgeF2JzwkmlVErbxoktNA20E4lmbEJK8NEoEZOrETLRiWzw==}
    engines: {node: '>=6.0.0'}
    dependencies:
      tslib: 2.4.0
    dev: false

  /tslib/2.4.0:
    resolution: {integrity: sha512-d6xOpEDfsi2CZVlPQzGeux8XMwLT9hssAsaPYExaQMuYskwb+x1x7J371tWlbBdWHroy99KnVB6qIkUbs5X3UQ==}
    dev: false

  /typed-array-utils/0.2.4:
    resolution: {integrity: sha512-tttiItskXSSYIkbPfnYmSfL4nkcIxjUKyD4pZJCiwstGjpU4UwDBQfE6UR67xxikVFFcGduo3JCds4yKiA0RVQ==}
    dev: false

  /typed-array-utils/0.3.0-pre.0:
    resolution: {integrity: sha512-hzkk8/bpvqCayQnQAno11R8qOWHrkTHR9k+JYVEBpHAQMF2YfPqBMKKkSmeSw2Qd4ri+QugFmj7ca4ckSr4Z4Q==}
    dev: false

  /typeson-registry/3.0.0:
    resolution: {integrity: sha512-xPBsm6LhQnU2HOQq1770MjbtIXMd7s7Q7VWFyexe9hRVSIvx+PXPXh/Snh2+HgT6fffxAADVHIBCSjrVrsbrhw==}
    engines: {node: ^14.17.0 || >=16.0.0}
    dependencies:
      base64-arraybuffer-es6: 1.0.0
      typeson: 7.0.2
      whatwg-url: 11.0.0
    dev: false

  /typeson/7.0.2:
    resolution: {integrity: sha512-Rc/BXqUq+pgAc9D3Na+A2iiTlenfzZW9VA2H9DzpYWKOqUMwUaLyu6OQWXCIEiFs1AQ6Fssbed1/subMY/cEag==}
    engines: {node: ^12.22.0 || ^14.17.0 || >=16.0.0}
    dev: false

  /uuid-class/0.13.0-alpha.1:
    resolution: {integrity: sha512-uQ2ob9j0ybtr914d6Gh+TgQjtFnn4amJMP5mOJ9y69AbA9KKqK0RANjDOsTuonDffXKW7BlXSMvi+tOytY0WZw==}
    dependencies:
      typed-array-utils: 0.2.4
    dev: false

  /web-uuid/0.1.0-pre.1:
    resolution: {integrity: sha512-uvN0C9rJ9rn2T3xu8AxbTpsPe+MVb9klspbzxRCPpkLaiYs8pPPLeUiLbUv1v8AJowk+owBeBpqu4+uAuDvNTQ==}
    dependencies:
      base64-encoding: 0.15.0-alpha.0
      uuid-class: 0.13.0-alpha.1
    dev: false

  /webcrypto-core/1.7.5:
    resolution: {integrity: sha512-gaExY2/3EHQlRNNNVSrbG2Cg94Rutl7fAaKILS1w8ZDhGxdFOaw6EbCfHIxPy9vt/xwp5o0VQAx9aySPF6hU1A==}
    dependencies:
      '@peculiar/asn1-schema': 2.1.8
      '@peculiar/json-schema': 1.1.12
      asn1js: 3.0.5
      pvtsutils: 1.3.2
      tslib: 2.4.0
    dev: false

  /webidl-conversions/7.0.0:
    resolution: {integrity: sha512-VwddBukDzu71offAQR975unBIGqfKZpM+8ZX6ySk8nYhVoo5CYaZyzt3YBvYtRtO+aoGlqxPg/B87NGVZ/fu6g==}
    engines: {node: '>=12'}
    dev: false

  /whatwg-stream-to-async-iter/0.6.2:
    resolution: {integrity: sha512-ocSOY/Qe/Y5rLC3Xnz6gi8+A9niy+dUQSjnox/nRryKkV/NahxyspB/joyhYLBbQp1JAFrTBOVd/RUo0NrZ96g==}
    dependencies:
      tslib: 2.4.0
    dev: false

  /whatwg-url/11.0.0:
    resolution: {integrity: sha512-RKT8HExMpoYx4igMiVMY83lN6UeITKJlBQ+vR/8ZJ8OCdSiN3RwCq+9gH0+Xzj0+5IrM6i4j/6LuvzbZIQgEcQ==}
    engines: {node: '>=12'}
    dependencies:
      tr46: 3.0.0
      webidl-conversions: 7.0.0
    dev: false

  github.com/qwtel/fido2-lib/129e72c1731d27b21b8a408fe0817fcca8cc97f9:
    resolution: {tarball: https://codeload.github.com/qwtel/fido2-lib/tar.gz/129e72c1731d27b21b8a408fe0817fcca8cc97f9}
    name: fido2-lib
    version: 3.2.0
    dependencies:
      '@hexagon/base64': 1.0.19
      '@peculiar/webcrypto': 1.4.0
      asn1js: 3.0.5
      cbor-x: 1.2.1
      jose: 4.8.1
      pkijs: 3.0.5
      tldts: 5.7.81
    dev: false
